
Microsoft Visual Studio Solution File, Format Version 12.00
# Visual Studio Version 17
VisualStudioVersion = 17.2.32616.157
MinimumVisualStudioVersion = 10.0.40219.1
Project("{FAE04EC0-301F-11D3-BF4B-00C04F79EFBC}") = "E-Library", "E-Library\E-Library.csproj", "{F6E5918C-0578-4A98-870B-6C133694D570}"
EndProject
Global
	GlobalSection(SolutionConfigurationPlatforms) = preSolution
		Debug|Any CPU = Debug|Any CPU
		Release|Any CPU = Release|Any CPU
	EndGlobalSection
	GlobalSection(ProjectConfigurationPlatforms) = postSolution
		{F6E5918C-0578-4A98-870B-6C133694D570}.Debug|Any CPU.ActiveCfg = Debug|Any CPU
		{F6E5918C-0578-4A98-870B-6C133694D570}.Debug|Any CPU.Build.0 = Debug|Any CPU
		{F6E5918C-0578-4A98-870B-6C133694D570}.Release|Any CPU.ActiveCfg = Release|Any CPU
		{F6E5918C-0578-4A98-870B-6C133694D570}.Release|Any CPU.Build.0 = Release|Any CPU
	EndGlobalSection
	GlobalSection(SolutionProperties) = preSolution
		HideSolutionNode = FALSE
	EndGlobalSection
	GlobalSection(ExtensibilityGlobals) = postSolution
		SolutionGuid = {131F55B4-C9B2-4A09-B5EE-AD32E4BFF0E7}
	EndGlobalSection
EndGlobal
